{
    "_meta": {
        "hash": {
            "sha256": "007f8003aad714d7dd8108427019df71a7732131743ae42aaa77f606d68cdd45"
        },
        "pipfile-spec": 6,
        "requires": {
            "python_version": "3.10"
        },
        "sources": [
            {
                "name": "pypi",
                "url": "https://pypi.org/simple",
                "verify_ssl": true
            }
        ]
    },
    "default": {
        "anyio": {
            "hashes": [
                "sha256:25ea0d673ae30af41a0c442f81cf3b38c7e79fdc7b60335a4c14e05eb0947421",
                "sha256:fbbe32bd270d2a2ef3ed1c5d45041250284e31fc0a4df4a5a6071842051a51e3"
            ],
            "markers": "python_full_version >= '3.6.2'",
            "version": "==3.6.2"
        },
        "asgiref": {
            "hashes": [
                "sha256:71e68008da809b957b7ee4b43dbccff33d1b23519fb8344e33f049897077afac",
                "sha256:9567dfe7bd8d3c8c892227827c41cce860b368104c3431da67a0c5a65a949506"
            ],
            "markers": "python_version >= '3.7'",
            "version": "==3.6.0"
        },
        "click": {
            "hashes": [
                "sha256:7682dc8afb30297001674575ea00d1814d808d6a36af415a82bd481d37ba7b8e",
                "sha256:bb4d8133cb15a609f44e8213d9b391b0809795062913b383c62be0ee95b1db48"
            ],
            "markers": "python_version >= '3.7'",
            "version": "==8.1.3"
        },
        "decorator": {
            "hashes": [
                "sha256:637996211036b6385ef91435e4fae22989472f9d571faba8927ba8253acbc330",
                "sha256:b8c3f85900b9dc423225913c5aace94729fe1fa9763b38939a95226f02d37186"
            ],
            "markers": "python_version >= '3.5'",
            "version": "==5.1.1"
        },
        "fastapi": {
            "hashes": [
                "sha256:124774ce4cb3322841965f559669b233a0b8d343ea24fdd8b293253c077220d7",
                "sha256:43d12891b78fc497a50623e9c7c24640c569489f060acd9ce2c4902080487a93"
            ],
            "index": "pypi",
            "version": "==0.75.0"
        },
        "greenlet": {
            "hashes": [
                "sha256:03a8f4f3430c3b3ff8d10a2a86028c660355ab637cee9333d63d66b56f09d52a",
                "sha256:0bf60faf0bc2468089bdc5edd10555bab6e85152191df713e2ab1fcc86382b5a",
                "sha256:18a7f18b82b52ee85322d7a7874e676f34ab319b9f8cce5de06067384aa8ff43",
                "sha256:18e98fb3de7dba1c0a852731c3070cf022d14f0d68b4c87a19cc1016f3bb8b33",
                "sha256:1a819eef4b0e0b96bb0d98d797bef17dc1b4a10e8d7446be32d1da33e095dbb8",
                "sha256:26fbfce90728d82bc9e6c38ea4d038cba20b7faf8a0ca53a9c07b67318d46088",
                "sha256:2780572ec463d44c1d3ae850239508dbeb9fed38e294c68d19a24d925d9223ca",
                "sha256:283737e0da3f08bd637b5ad058507e578dd462db259f7f6e4c5c365ba4ee9343",
                "sha256:2d4686f195e32d36b4d7cf2d166857dbd0ee9f3d20ae349b6bf8afc8485b3645",
                "sha256:2dd11f291565a81d71dab10b7033395b7a3a5456e637cf997a6f33ebdf06f8db",
                "sha256:30bcf80dda7f15ac77ba5af2b961bdd9dbc77fd4ac6105cee85b0d0a5fcf74df",
                "sha256:32e5b64b148966d9cccc2c8d35a671409e45f195864560829f395a54226408d3",
                "sha256:36abbf031e1c0f79dd5d596bfaf8e921c41df2bdf54ee1eed921ce1f52999a86",
                "sha256:3a06ad5312349fec0ab944664b01d26f8d1f05009566339ac6f63f56589bc1a2",
                "sha256:3a51c9751078733d88e013587b108f1b7a1fb106d402fb390740f002b6f6551a",
                "sha256:3c9b12575734155d0c09d6c3e10dbd81665d5c18e1a7c6597df72fd05990c8cf",
                "sha256:3f6ea9bd35eb450837a3d80e77b517ea5bc56b4647f5502cd28de13675ee12f7",
                "sha256:4b58adb399c4d61d912c4c331984d60eb66565175cdf4a34792cd9600f21b394",
                "sha256:4d2e11331fc0c02b6e84b0d28ece3a36e0548ee1a1ce9ddde03752d9b79bba40",
                "sha256:5454276c07d27a740c5892f4907c86327b632127dd9abec42ee62e12427ff7e3",
                "sha256:561091a7be172ab497a3527602d467e2b3fbe75f9e783d8b8ce403fa414f71a6",
                "sha256:6c3acb79b0bfd4fe733dff8bc62695283b57949ebcca05ae5c129eb606ff2d74",
                "sha256:703f18f3fda276b9a916f0934d2fb6d989bf0b4fb5a64825260eb9bfd52d78f0",
                "sha256:7492e2b7bd7c9b9916388d9df23fa49d9b88ac0640db0a5b4ecc2b653bf451e3",
                "sha256:76ae285c8104046b3a7f06b42f29c7b73f77683df18c49ab5af7983994c2dd91",
                "sha256:7cafd1208fdbe93b67c7086876f061f660cfddc44f404279c1585bbf3cdc64c5",
                "sha256:7efde645ca1cc441d6dc4b48c0f7101e8d86b54c8530141b09fd31cef5149ec9",
                "sha256:88d9ab96491d38a5ab7c56dd7a3cc37d83336ecc564e4e8816dbed12e5aaefc8",
                "sha256:8eab883b3b2a38cc1e050819ef06a7e6344d4a990d24d45bc6f2cf959045a45b",
                "sha256:910841381caba4f744a44bf81bfd573c94e10b3045ee00de0cbf436fe50673a6",
                "sha256:9190f09060ea4debddd24665d6804b995a9c122ef5917ab26e1566dcc712ceeb",
                "sha256:937e9020b514ceedb9c830c55d5c9872abc90f4b5862f89c0887033ae33c6f73",
                "sha256:94c817e84245513926588caf1152e3b559ff794d505555211ca041f032abbb6b",
                "sha256:971ce5e14dc5e73715755d0ca2975ac88cfdaefcaab078a284fea6cfabf866df",
                "sha256:9d14b83fab60d5e8abe587d51c75b252bcc21683f24699ada8fb275d7712f5a9",
                "sha256:9f35ec95538f50292f6d8f2c9c9f8a3c6540bbfec21c9e5b4b751e0a7c20864f",
                "sha256:a1846f1b999e78e13837c93c778dcfc3365902cfb8d1bdb7dd73ead37059f0d0",
                "sha256:acd2162a36d3de67ee896c43effcd5ee3de247eb00354db411feb025aa319857",
                "sha256:b0ef99cdbe2b682b9ccbb964743a6aca37905fda5e0452e5ee239b1654d37f2a",
                "sha256:b80f600eddddce72320dbbc8e3784d16bd3fb7b517e82476d8da921f27d4b249",
                "sha256:b864ba53912b6c3ab6bcb2beb19f19edd01a6bfcbdfe1f37ddd1778abfe75a30",
                "sha256:b9ec052b06a0524f0e35bd8790686a1da006bd911dd1ef7d50b77bfbad74e292",
                "sha256:ba2956617f1c42598a308a84c6cf021a90ff3862eddafd20c3333d50f0edb45b",
                "sha256:bdfea8c661e80d3c1c99ad7c3ff74e6e87184895bbaca6ee8cc61209f8b9b85d",
                "sha256:be4ed120b52ae4d974aa40215fcdfde9194d63541c7ded40ee12eb4dda57b76b",
                "sha256:c4302695ad8027363e96311df24ee28978162cdcdd2006476c43970b384a244c",
                "sha256:c48f54ef8e05f04d6eff74b8233f6063cb1ed960243eacc474ee73a2ea8573ca",
                "sha256:c9c59a2120b55788e800d82dfa99b9e156ff8f2227f07c5e3012a45a399620b7",
                "sha256:cd021c754b162c0fb55ad5d6b9d960db667faad0fa2ff25bb6e1301b0b6e6a75",
                "sha256:d27ec7509b9c18b6d73f2f5ede2622441de812e7b1a80bbd446cb0633bd3d5ae",
                "sha256:d5508f0b173e6aa47273bdc0a0b5ba055b59662ba7c7ee5119528f466585526b",
                "sha256:d75209eed723105f9596807495d58d10b3470fa6732dd6756595e89925ce2470",
                "sha256:db1a39669102a1d8d12b57de2bb7e2ec9066a6f2b3da35ae511ff93b01b5d564",
                "sha256:dbfcfc0218093a19c252ca8eb9aee3d29cfdcb586df21049b9d777fd32c14fd9",
                "sha256:e0f72c9ddb8cd28532185f54cc1453f2c16fb417a08b53a855c4e6a418edd099",
                "sha256:e7c8dc13af7db097bed64a051d2dd49e9f0af495c26995c00a9ee842690d34c0",
                "sha256:ea9872c80c132f4663822dd2a08d404073a5a9b5ba6155bea72fb2a79d1093b5",
                "sha256:eff4eb9b7eb3e4d0cae3d28c283dc16d9bed6b193c2e1ace3ed86ce48ea8df19",
                "sha256:f82d4d717d8ef19188687aa32b8363e96062911e63ba22a0cff7802a8e58e5f1",
                "sha256:fc3a569657468b6f3fb60587e48356fe512c1754ca05a564f11366ac9e306526"
            ],
            "markers": "python_version >= '3' and platform_machine == 'aarch64' or (platform_machine == 'ppc64le' or (platform_machine == 'x86_64' or (platform_machine == 'amd64' or (platform_machine == 'AMD64' or (platform_machine == 'win32' or platform_machine == 'WIN32')))))",
            "version": "==2.0.2"
        },
        "h11": {
            "hashes": [
                "sha256:8f19fbbe99e72420ff35c00b27a34cb9937e902a8b810e2c88300c6f0a3b699d",
                "sha256:e3fe4ac4b851c468cc8363d500db52c2ead036020723024a109d37346efaa761"
            ],
            "markers": "python_version >= '3.7'",
            "version": "==0.14.0"
        },
        "idna": {
            "hashes": [
                "sha256:814f528e8dead7d329833b91c5faa87d60bf71824cd12a7530b5526063d02cb4",
                "sha256:90b77e79eaa3eba6de819a0c442c0b4ceefc341a7a2ab77d7562bf49f425c5c2"
            ],
            "markers": "python_version >= '3.5'",
            "version": "==3.4"
        },
        "pydantic": {
            "hashes": [
                "sha256:1fd326aff5d6c36f05735c7c9b3d5b0e933b4ca52ad0b6e4b38038d82703d35b",
                "sha256:2185a3b3d98ab4506a3f6707569802d2d92c3a7ba3a9a35683a7709ea6c2aaa2",
                "sha256:261f357f0aecda005934e413dfd7aa4077004a174dafe414a8325e6098a8e419",
                "sha256:305d0376c516b0dfa1dbefeae8c21042b57b496892d721905a6ec6b79494a66d",
                "sha256:3257bd714de9db2102b742570a56bf7978e90441193acac109b1f500290f5718",
                "sha256:3353072625ea2a9a6c81ad01b91e5c07fa70deb06368c71307529abf70d23325",
                "sha256:36e44a4de37b8aecffa81c081dbfe42c4d2bf9f6dff34d03dce157ec65eb0f15",
                "sha256:3bb99cf9655b377db1a9e47fa4479e3330ea96f4123c6c8200e482704bf1eda2",
                "sha256:3f9d9b2be177c3cb6027cd67fbf323586417868c06c3c85d0d101703136e6b31",
                "sha256:45edea10b75d3da43cfda12f3792833a3fa70b6eee4db1ed6aed528cef17c74e",
                "sha256:51782fd81f09edcf265823c3bf43ff36d00db246eca39ee765ef58dc8421a642",
                "sha256:532e97c35719f137ee5405bd3eeddc5c06eb91a032bc755a44e34a712420daf3",
                "sha256:58e41dd1e977531ac6073b11baac8c013f3cd8706a01d3dc74e86955be8b2c0c",
                "sha256:5920824fe1e21cbb3e38cf0f3dd24857c8959801d1031ce1fac1d50857a03bfb",
                "sha256:5f3bc8f103b56a8c88021d481410874b1f13edf6e838da607dcb57ecff9b4594",
                "sha256:63200cd8af1af2c07964546b7bc8f217e8bda9d0a2ef0ee0c797b36353914984",
                "sha256:663d2dd78596c5fa3eb996bc3f34b8c2a592648ad10008f98d1348be7ae212fb",
                "sha256:6a4b0aab29061262065bbdede617ef99cc5914d1bf0ddc8bcd8e3d7928d85bd6",
                "sha256:6bb0452d7b8516178c969d305d9630a3c9b8cf16fcf4713261c9ebd465af0d73",
                "sha256:72ef3783be8cbdef6bca034606a5de3862be6b72415dc5cb1fb8ddbac110049a",
                "sha256:76c930ad0746c70f0368c4596020b736ab65b473c1f9b3872310a835d852eb19",
                "sha256:7c5b94d598c90f2f46b3a983ffb46ab806a67099d118ae0da7ef21a2a4033b28",
                "sha256:7ce1612e98c6326f10888df951a26ec1a577d8df49ddcaea87773bfbe23ba5cc",
                "sha256:8481dca324e1c7b715ce091a698b181054d22072e848b6fc7895cd86f79b4449",
                "sha256:87f831e81ea0589cd18257f84386bf30154c5f4bed373b7b75e5cb0b5d53ea87",
                "sha256:9a9d9155e2a9f38b2eb9374c88f02fd4d6851ae17b65ee786a87d032f87008f8",
                "sha256:9e337ac83686645a46db0e825acceea8e02fca4062483f40e9ae178e8bd1103a",
                "sha256:b429f7c457aebb7fbe7cd69c418d1cd7c6fdc4d3c8697f45af78b8d5a7955760",
                "sha256:b473d00ccd5c2061fd896ac127b7755baad233f8d996ea288af14ae09f8e0d1e",
                "sha256:bd46a0e6296346c477e59a954da57beaf9c538da37b9df482e50f836e4a7d4bb",
                "sha256:c428c0f64a86661fb4873495c4fac430ec7a7cef2b8c1c28f3d1a7277f9ea5ab",
                "sha256:c9e5b778b6842f135902e2d82624008c6a79710207e28e86966cd136c621bfee",
                "sha256:ca9075ab3de9e48b75fa8ccb897c34ccc1519177ad8841d99f7fd74cf43be5bf",
                "sha256:f582cac9d11c227c652d3ce8ee223d94eb06f4228b52a8adaafa9fa62e73d5c9",
                "sha256:f5bee6c523d13944a1fdc6f0525bc86dbbd94372f17b83fa6331aabacc8fd08e",
                "sha256:f836444b4c5ece128b23ec36a446c9ab7f9b0f7981d0d27e13a7c366ee163f8a"
            ],
            "markers": "python_version >= '3.7'",
            "version": "==1.10.5"
        },
        "python-dotenv": {
            "hashes": [
                "sha256:32b2bdc1873fd3a3c346da1c6db83d0053c3c62f28f1f38516070c4c8971b1d3",
                "sha256:a5de49a31e953b45ff2d2fd434bbc2670e8db5273606c1e737cc6b93eff3655f"
            ],
            "index": "pypi",
            "version": "==0.19.2"
        },
        "six": {
            "hashes": [
                "sha256:1e61c37477a1626458e36f7b1d82aa5c9b094fa4802892072e49de9c60c4c926",
                "sha256:8abb2f1d86890a2dfb989f9a77cfcfd3e47c2a354b01111771326f8aa26e0254"
            ],
            "markers": "python_version >= '2.7' and python_version not in '3.0, 3.1, 3.2, 3.3'",
            "version": "==1.16.0"
        },
        "sniffio": {
            "hashes": [
                "sha256:e60305c5e5d314f5389259b7f22aaa33d8f7dee49763119234af3755c55b9101",
                "sha256:eecefdce1e5bbfb7ad2eeaabf7c1eeb404d7757c379bd1f7e5cce9d8bf425384"
            ],
            "markers": "python_version >= '3.7'",
            "version": "==1.3.0"
        },
        "sqlalchemy": {
            "hashes": [
                "sha256:04164e0063feb7aedd9d073db0fd496edb244be40d46ea1f0d8990815e4b8c34",
                "sha256:159c2f69dd6efd28e894f261ffca1100690f28210f34cfcd70b895e0ea7a64f3",
                "sha256:199dc6d0068753b6a8c0bd3aceb86a3e782df118260ebc1fa981ea31ee054674",
                "sha256:1bbac3e8293b34c4403d297e21e8f10d2a57756b75cff101dc62186adec725f5",
                "sha256:20e9eba7fd86ef52e0df25bea83b8b518dfdf0bce09b336cfe51671f52aaaa3f",
                "sha256:290cbdf19129ae520d4bdce392648c6fcdbee763bc8f750b53a5ab51880cb9c9",
                "sha256:316270e5867566376e69a0ac738b863d41396e2b63274616817e1d34156dff0e",
                "sha256:3f88a4ee192142eeed3fe173f673ea6ab1f5a863810a9d85dbf6c67a9bd08f97",
                "sha256:4aa96e957141006181ca58e792e900ee511085b8dae06c2d08c00f108280fb8a",
                "sha256:4b2bcab3a914715d332ca783e9bda13bc570d8b9ef087563210ba63082c18c16",
                "sha256:576684771456d02e24078047c2567025f2011977aa342063468577d94e194b00",
                "sha256:5a2e73508f939175363d8a4be9dcdc84cf16a92578d7fa86e6e4ca0e6b3667b2",
                "sha256:5ba59761c19b800bc2e1c9324da04d35ef51e4ee9621ff37534bc2290d258f71",
                "sha256:5dc9801ae9884e822ba942ca493642fb50f049c06b6dbe3178691fce48ceb089",
                "sha256:6fdd2dc5931daab778c2b65b03df6ae68376e028a3098eb624d0909d999885bc",
                "sha256:708973b5d9e1e441188124aaf13c121e5b03b6054c2df59b32219175a25aa13e",
                "sha256:7ff72b3cc9242d1a1c9b84bd945907bf174d74fc2519efe6184d6390a8df478b",
                "sha256:8679f9aba5ac22e7bce54ccd8a77641d3aea3e2d96e73e4356c887ebf8ff1082",
                "sha256:8b9a395122770a6f08ebfd0321546d7379f43505882c7419d7886856a07caa13",
                "sha256:8e1e5d96b744a4f91163290b01045430f3f32579e46d87282449e5b14d27d4ac",
                "sha256:9a0195af6b9050c9322a97cf07514f66fe511968e623ca87b2df5e3cf6349615",
                "sha256:9cb5698c896fa72f88e7ef04ef62572faf56809093180771d9be8d9f2e264a13",
                "sha256:b3f1d9b3aa09ab9adc7f8c4b40fc3e081eb903054c9a6f9ae1633fe15ae503b4",
                "sha256:bb42f9b259c33662c6a9b866012f6908a91731a419e69304e1261ba3ab87b8d1",
                "sha256:bca714d831e5b8860c3ab134c93aec63d1a4f493bed20084f54e3ce9f0a3bf99",
                "sha256:bedd89c34ab62565d44745212814e4b57ef1c24ad4af9b29c504ce40f0dc6558",
                "sha256:bfec934aac7f9fa95fc82147a4ba5db0a8bdc4ebf1e33b585ab8860beb10232f",
                "sha256:c7046f7aa2db445daccc8424f50b47a66c4039c9f058246b43796aa818f8b751",
                "sha256:d7e483f4791fbda60e23926b098702340504f7684ce7e1fd2c1bf02029288423",
                "sha256:dd93162615870c976dba43963a24bb418b28448fef584f30755990c134a06a55",
                "sha256:e4607d2d16330757818c9d6fba322c2e80b4b112ff24295d1343a80b876eb0ed",
                "sha256:e9a680d9665f88346ed339888781f5236347933906c5a56348abb8261282ec48",
                "sha256:edfcf93fd92e2f9eef640b3a7a40db20fe3c1d7c2c74faa41424c63dead61b76",
                "sha256:f7e4a3c0c3c596296b37f8427c467c8e4336dc8d50f8ed38042e8ba79507b2c9",
                "sha256:fff677fa4522dafb5a5e2c0cf909790d5d367326321aeabc0dffc9047cb235bd"
            ],
            "index": "pypi",
            "version": "==1.4.32"
        },
        "starlette": {
            "hashes": [
                "sha256:26a18cbda5e6b651c964c12c88b36d9898481cd428ed6e063f5f29c418f73050",
                "sha256:57eab3cc975a28af62f6faec94d355a410634940f10b30d68d31cb5ec1b44ae8"
            ],
            "markers": "python_version >= '3.6'",
            "version": "==0.17.1"
        },
        "typing-extensions": {
            "hashes": [
                "sha256:5cb5f4a79139d699607b3ef622a1dedafa84e115ab0024e0d9c044a9479ca7cb",
                "sha256:fb33085c39dd998ac16d1431ebc293a8b3eedd00fd4a32de0ff79002c19511b4"
            ],
            "markers": "python_version >= '3.7'",
            "version": "==4.5.0"
        },
        "uvicorn": {
            "hashes": [
                "sha256:19e2a0e96c9ac5581c01eb1a79a7d2f72bb479691acd2b8921fce48ed5b961a6",
                "sha256:5180f9d059611747d841a4a4c4ab675edf54c8489e97f96d0583ee90ac3bfc23"
            ],
            "index": "pypi",
            "version": "==0.17.6"
        },
        "validators": {
            "hashes": [
                "sha256:0143dcca8a386498edaf5780cbd5960da1a4c85e0719f3ee5c9b41249c4fefbd",
                "sha256:37cd9a9213278538ad09b5b9f9134266e7c226ab1fede1d500e29e0a8fbb9ea6"
            ],
            "index": "pypi",
            "version": "==0.18.2"
        }
    },
    "develop": {
        "appnope": {
            "hashes": [
                "sha256:02bd91c4de869fbb1e1c50aafc4098827a7a54ab2f39d9dcba6c9547ed920e24",
                "sha256:265a455292d0bd8a72453494fa24df5a11eb18373a60c7c0430889f22548605e"
            ],
            "markers": "sys_platform == 'darwin'",
            "version": "==0.1.3"
        },
        "asttokens": {
            "hashes": [
                "sha256:4622110b2a6f30b77e1473affaa97e711bc2f07d3f10848420ff1898edbe94f3",
                "sha256:6b0ac9e93fb0335014d382b8fa9b3afa7df546984258005da0b9e7095b3deb1c"
            ],
            "version": "==2.2.1"
        },
        "backcall": {
            "hashes": [
                "sha256:5cbdbf27be5e7cfadb448baf0aa95508f91f2bbc6c6437cd9cd06e2a4c215e1e",
                "sha256:fbbce6a29f263178a1f7915c1940bde0ec2b2a967566fe1c65c1dfb7422bd255"
            ],
            "version": "==0.2.0"
        },
        "black": {
            "hashes": [
                "sha256:0052dba51dec07ed029ed61b18183942043e00008ec65d5028814afaab9a22fd",
                "sha256:0680d4380db3719ebcfb2613f34e86c8e6d15ffeabcf8ec59355c5e7b85bb555",
                "sha256:121ca7f10b4a01fd99951234abdbd97728e1240be89fde18480ffac16503d481",
                "sha256:162e37d49e93bd6eb6f1afc3e17a3d23a823042530c37c3c42eeeaf026f38468",
                "sha256:2a951cc83ab535d248c89f300eccbd625e80ab880fbcfb5ac8afb5f01a258ac9",
                "sha256:2bf649fda611c8550ca9d7592b69f0637218c2369b7744694c5e4902873b2f3a",
                "sha256:382998821f58e5c8238d3166c492139573325287820963d2f7de4d518bd76958",
                "sha256:49f7b39e30f326a34b5c9a4213213a6b221d7ae9d58ec70df1c4a307cf2a1580",
                "sha256:57c18c5165c1dbe291d5306e53fb3988122890e57bd9b3dcb75f967f13411a26",
                "sha256:7a0f701d314cfa0896b9001df70a530eb2472babb76086344e688829efd97d32",
                "sha256:8178318cb74f98bc571eef19068f6ab5613b3e59d4f47771582f04e175570ed8",
                "sha256:8b70eb40a78dfac24842458476135f9b99ab952dd3f2dab738c1881a9b38b753",
                "sha256:9880d7d419bb7e709b37e28deb5e68a49227713b623c72b2b931028ea65f619b",
                "sha256:9afd3f493666a0cd8f8df9a0200c6359ac53940cbde049dcb1a7eb6ee2dd7074",
                "sha256:a29650759a6a0944e7cca036674655c2f0f63806ddecc45ed40b7b8aa314b651",
                "sha256:a436e7881d33acaf2536c46a454bb964a50eff59b21b51c6ccf5a40601fbef24",
                "sha256:a59db0a2094d2259c554676403fa2fac3473ccf1354c1c63eccf7ae65aac8ab6",
                "sha256:a8471939da5e824b891b25751955be52ee7f8a30a916d570a5ba8e0f2eb2ecad",
                "sha256:b0bd97bea8903f5a2ba7219257a44e3f1f9d00073d6cc1add68f0beec69692ac",
                "sha256:b6a92a41ee34b883b359998f0c8e6eb8e99803aa8bf3123bf2b2e6fec505a221",
                "sha256:bb460c8561c8c1bec7824ecbc3ce085eb50005883a6203dcfb0122e95797ee06",
                "sha256:bfffba28dc52a58f04492181392ee380e95262af14ee01d4bc7bb1b1c6ca8d27",
                "sha256:c1c476bc7b7d021321e7d93dc2cbd78ce103b84d5a4cf97ed535fbc0d6660648",
                "sha256:c91dfc2c2a4e50df0026f88d2215e166616e0c80e86004d0003ece0488db2739",
                "sha256:e6663f91b6feca5d06f2ccd49a10f254f9298cc1f7f49c46e498a0771b507104"
            ],
            "index": "pypi",
            "version": "==23.1.0"
        },
        "click": {
            "hashes": [
                "sha256:7682dc8afb30297001674575ea00d1814d808d6a36af415a82bd481d37ba7b8e",
                "sha256:bb4d8133cb15a609f44e8213d9b391b0809795062913b383c62be0ee95b1db48"
            ],
            "markers": "python_version >= '3.7'",
            "version": "==8.1.3"
        },
        "decorator": {
            "hashes": [
                "sha256:637996211036b6385ef91435e4fae22989472f9d571faba8927ba8253acbc330",
                "sha256:b8c3f85900b9dc423225913c5aace94729fe1fa9763b38939a95226f02d37186"
            ],
            "markers": "python_version >= '3.5'",
            "version": "==5.1.1"
        },
        "executing": {
            "hashes": [
                "sha256:0314a69e37426e3608aada02473b4161d4caf5a4b244d1d0c48072b8fee7bacc",
                "sha256:19da64c18d2d851112f09c287f8d3dbbdf725ab0e569077efb6cdcbd3497c107"
            ],
            "version": "==1.2.0"
        },
        "ipdb": {
            "hashes": [
                "sha256:c23b6736f01fd4586cc2ecbebdf79a5eb454796853e1cd8f2ed3b7b91d4a3e93",
                "sha256:f74c2f741c18b909eaf89f19fde973f745ac721744aa1465888ce45813b63a9c"
            ],
            "index": "pypi",
            "version": "==0.13.11"
        },
        "ipython": {
            "hashes": [
                "sha256:b13a1d6c1f5818bd388db53b7107d17454129a70de2b87481d555daede5eb49e",
                "sha256:b38c31e8fc7eff642fc7c597061fff462537cf2314e3225a19c906b7b0d8a345"
            ],
            "markers": "python_version < '3.11' and python_version >= '3.7'",
            "version": "==8.10.0"
        },
        "jedi": {
            "hashes": [
                "sha256:203c1fd9d969ab8f2119ec0a3342e0b49910045abe6af0a3ae83a5764d54639e",
                "sha256:bae794c30d07f6d910d32a7048af09b5a39ed740918da923c6b780790ebac612"
            ],
            "markers": "python_version >= '3.6'",
            "version": "==0.18.2"
        },
        "matplotlib-inline": {
            "hashes": [
                "sha256:f1f41aab5328aa5aaea9b16d083b128102f8712542f819fe7e6a420ff581b311",
                "sha256:f887e5f10ba98e8d2b150ddcf4702c1e5f8b3a20005eb0f74bfdbd360ee6f304"
            ],
            "markers": "python_version >= '3.5'",
            "version": "==0.1.6"
        },
        "mypy-extensions": {
            "hashes": [
                "sha256:4392f6c0eb8a5668a69e23d168ffa70f0be9ccfd32b5cc2d26a34ae5b844552d",
                "sha256:75dbf8955dc00442a438fc4d0666508a9a97b6bd41aa2f0ffe9d2f2725af0782"
            ],
            "markers": "python_version >= '3.5'",
            "version": "==1.0.0"
        },
        "packaging": {
            "hashes": [
                "sha256:714ac14496c3e68c99c29b00845f7a2b85f3bb6f1078fd9f72fd20f0570002b2",
                "sha256:b6ad297f8907de0fa2fe1ccbd26fdaf387f5f47c7275fedf8cce89f99446cf97"
            ],
            "markers": "python_version >= '3.7'",
            "version": "==23.0"
        },
        "parso": {
            "hashes": [
                "sha256:8c07be290bb59f03588915921e29e8a50002acaf2cdc5fa0e0114f91709fafa0",
                "sha256:c001d4636cd3aecdaf33cbb40aebb59b094be2a74c556778ef5576c175e19e75"
            ],
            "markers": "python_version >= '3.6'",
            "version": "==0.8.3"
        },
        "pathspec": {
            "hashes": [
                "sha256:3a66eb970cbac598f9e5ccb5b2cf58930cd8e3ed86d393d541eaf2d8b1705229",
                "sha256:64d338d4e0914e91c1792321e6907b5a593f1ab1851de7fc269557a21b30ebbc"
            ],
            "markers": "python_version >= '3.7'",
            "version": "==0.11.0"
        },
        "pexpect": {
            "hashes": [
                "sha256:0b48a55dcb3c05f3329815901ea4fc1537514d6ba867a152b581d69ae3710937",
                "sha256:fc65a43959d153d0114afe13997d439c22823a27cefceb5ff35c2178c6784c0c"
            ],
            "markers": "sys_platform != 'win32'",
            "version": "==4.8.0"
        },
        "pickleshare": {
            "hashes": [
                "sha256:87683d47965c1da65cdacaf31c8441d12b8044cdec9aca500cd78fc2c683afca",
                "sha256:9649af414d74d4df115d5d718f82acb59c9d418196b7b4290ed47a12ce62df56"
            ],
            "version": "==0.7.5"
        },
        "platformdirs": {
            "hashes": [
                "sha256:8a1228abb1ef82d788f74139988b137e78692984ec7b08eaa6c65f1723af28f9",
                "sha256:b1d5eb14f221506f50d6604a561f4c5786d9e80355219694a1b244bcd96f4567"
            ],
            "markers": "python_version >= '3.7'",
            "version": "==3.0.0"
        },
        "prompt-toolkit": {
            "hashes": [
                "sha256:6a2948ec427dfcc7c983027b1044b355db6aaa8be374f54ad2015471f7d81c5b"
            ],
            "markers": "python_full_version >= '3.7.0'",
            "version": "==3.0.37"
        },
        "ptyprocess": {
            "hashes": [
                "sha256:4b41f3967fce3af57cc7e94b888626c18bf37a083e3651ca8feeb66d492fef35",
                "sha256:5c5d0a3b48ceee0b48485e0c26037c0acd7d29765ca3fbb5cb3831d347423220"
            ],
            "version": "==0.7.0"
        },
        "pure-eval": {
            "hashes": [
                "sha256:01eaab343580944bc56080ebe0a674b39ec44a945e6d09ba7db3cb8cec289350",
                "sha256:2b45320af6dfaa1750f543d714b6d1c520a1688dec6fd24d339063ce0aaa9ac3"
            ],
            "version": "==0.2.2"
        },
        "pygments": {
            "hashes": [
                "sha256:b3ed06a9e8ac9a9aae5a6f5dbe78a8a58655d17b43b93c078f094ddc476ae297",
                "sha256:fa7bd7bd2771287c0de303af8bfdfc731f51bd2c6a47ab69d117138893b82717"
            ],
            "markers": "python_version >= '3.6'",
            "version": "==2.14.0"
        },
        "six": {
            "hashes": [
                "sha256:1e61c37477a1626458e36f7b1d82aa5c9b094fa4802892072e49de9c60c4c926",
                "sha256:8abb2f1d86890a2dfb989f9a77cfcfd3e47c2a354b01111771326f8aa26e0254"
            ],
            "markers": "python_version >= '2.7' and python_version not in '3.0, 3.1, 3.2, 3.3'",
            "version": "==1.16.0"
        },
        "stack-data": {
            "hashes": [
                "sha256:32d2dd0376772d01b6cb9fc996f3c8b57a357089dec328ed4b6553d037eaf815",
                "sha256:cbb2a53eb64e5785878201a97ed7c7b94883f48b87bfb0bbe8b623c74679e4a8"
            ],
            "version": "==0.6.2"
        },
        "tomli": {
            "hashes": [
                "sha256:939de3e7a6161af0c887ef91b7d41a53e7c5a1ca976325f429cb46ea9bc30ecc",
                "sha256:de526c12914f0c550d15924c62d72abc48d6fe7364aa87328337a31007fe8a4f"
            ],
            "markers": "python_version < '3.11'",
            "version": "==2.0.1"
        },
        "traitlets": {
            "hashes": [
                "sha256:9e6ec080259b9a5940c797d58b613b5e31441c2257b87c2e795c5228ae80d2d8",
                "sha256:f6cde21a9c68cf756af02035f72d5a723bf607e862e7be33ece505abf4a3bad9"
            ],
            "markers": "python_version >= '3.7'",
            "version": "==5.9.0"
        },
        "wcwidth": {
            "hashes": [
                "sha256:795b138f6875577cd91bba52baf9e445cd5118fd32723b460e30a0af30ea230e",
                "sha256:a5220780a404dbe3353789870978e472cfe477761f06ee55077256e509b156d0"
            ],
            "version": "==0.2.6"
        }
    }
}
